
Microsoft Visual Studio Solution File, Format Version 12.00
# Visual Studio Version 16
VisualStudioVersion = 16.0.29613.14
MinimumVisualStudioVersion = 10.0.40219.1
Project("{FAE04EC0-301F-11D3-BF4B-00C04F79EFBC}") = "Andrew Roe's Jarvis", "Andrew Roe's Jarvis\Andrew Roe's Jarvis.csproj", "{4EC0CDFC-BAF3-413B-8C09-57FBF09AFF3B}"
EndProject
Global
	GlobalSection(SolutionConfigurationPlatforms) = preSolution
		Debug|Any CPU = Debug|Any CPU
		Release|Any CPU = Release|Any CPU
	EndGlobalSection
	GlobalSection(ProjectConfigurationPlatforms) = postSolution
		{4EC0CDFC-BAF3-413B-8C09-57FBF09AFF3B}.Debug|Any CPU.ActiveCfg = Debug|Any CPU
		{4EC0CDFC-BAF3-413B-8C09-57FBF09AFF3B}.Debug|Any CPU.Build.0 = Debug|Any CPU
		{4EC0CDFC-BAF3-413B-8C09-57FBF09AFF3B}.Release|Any CPU.ActiveCfg = Release|Any CPU
		{4EC0CDFC-BAF3-413B-8C09-57FBF09AFF3B}.Release|Any CPU.Build.0 = Release|Any CPU
	EndGlobalSection
	GlobalSection(SolutionProperties) = preSolution
		HideSolutionNode = FALSE
	EndGlobalSection
	GlobalSection(ExtensibilityGlobals) = postSolution
		SolutionGuid = {D73A563D-797D-46DE-9478-675C048F595F}
	EndGlobalSection
EndGlobal
